
Microsoft Visual Studio Solution File, Format Version 12.00
# Visual Studio Version 16
VisualStudioVersion = 16.0.29424.173
MinimumVisualStudioVersion = 10.0.40219.1
Project("{9092AA53-FB77-4645-B42D-1CCCA6BD08BD}") = "LobbyServer", "LobbyServer\LobbyServer.njsproj", "{82F28E93-EA4A-42A1-A8F8-4BFD1D4AED85}"
EndProject
Global
	GlobalSection(SolutionConfigurationPlatforms) = preSolution
		Debug|Any CPU = Debug|Any CPU
		Release|Any CPU = Release|Any CPU
	EndGlobalSection
	GlobalSection(ProjectConfigurationPlatforms) = postSolution
		{82F28E93-EA4A-42A1-A8F8-4BFD1D4AED85}.Debug|Any CPU.ActiveCfg = Debug|Any CPU
		{82F28E93-EA4A-42A1-A8F8-4BFD1D4AED85}.Debug|Any CPU.Build.0 = Debug|Any CPU
		{82F28E93-EA4A-42A1-A8F8-4BFD1D4AED85}.Release|Any CPU.ActiveCfg = Release|Any CPU
		{82F28E93-EA4A-42A1-A8F8-4BFD1D4AED85}.Release|Any CPU.Build.0 = Release|Any CPU
	EndGlobalSection
	GlobalSection(SolutionProperties) = preSolution
		HideSolutionNode = FALSE
	EndGlobalSection
	GlobalSection(ExtensibilityGlobals) = postSolution
		SolutionGuid = {9B98646D-AF23-4ECE-B0F5-5C44AAE98BAA}
	EndGlobalSection
EndGlobal
